Microsoft Visual Studio Solution File, Format Version 12.00
# Visual Studio Version 17
VisualStudioVersion = 17.5.2.0
MinimumVisualStudioVersion = 10.0.40219.1
Project("{2150E333-8FDC-42A3-9474-1A3956D46DE8}") = "src", "src", "{827E0CD3-B72D-47B6-A68D-7590B98EB39B}"
EndProject
Project("{2150E333-8FDC-42A3-9474-1A3956D46DE8}") = "tools", "tools", "{07C2787E-EAC7-C090-1BA3-A61EC2A24D84}"
EndProject
Project("{FAE04EC0-301F-11D3-BF4B-00C04F79EFBC}") = "dWebShop.Domain", "src\dWebShop.Domain\dWebShop.Domain.csproj", "{3194A45F-8040-09A4-0272-BE74C7F033D1}"
EndProject
Project("{FAE04EC0-301F-11D3-BF4B-00C04F79EFBC}") = "dWebShop.Application", "src\dWebShop.Application\dWebShop.Application.csproj", "{9D0041CD-5341-A174-2D90-2898A0F54872}"
EndProject
Project("{FAE04EC0-301F-11D3-BF4B-00C04F79EFBC}") = "dWebShop.Infrastructure", "src\dWebShop.Infrastructure\dWebShop.Infrastructure.csproj", "{E8B768BD-B956-CAEA-8765-B2DC3B42CF40}"
EndProject
Project("{FAE04EC0-301F-11D3-BF4B-00C04F79EFBC}") = "dWebShop.Web", "src\dWebShop.Web\dWebShop.Web.csproj", "{06930519-D7F1-9A20-4E10-C5B4AB24441E}"
EndProject
Project("{FAE04EC0-301F-11D3-BF4B-00C04F79EFBC}") = "dWebShop.DataMigration", "tools\dWebShop.DataMigration\dWebShop.DataMigration.csproj", "{D78E9E31-5721-1A91-D478-A0828964BA4A}"
EndProject
Global
	GlobalSection(SolutionConfigurationPlatforms) = preSolution
		Debug|Any CPU = Debug|Any CPU
		Release|Any CPU = Release|Any CPU
	EndGlobalSection
	GlobalSection(ProjectConfigurationPlatforms) = postSolution
		{3194A45F-8040-09A4-0272-BE74C7F033D1}.Debug|Any CPU.ActiveCfg = Debug|Any CPU
		{3194A45F-8040-09A4-0272-BE74C7F033D1}.Debug|Any CPU.Build.0 = Debug|Any CPU
		{3194A45F-8040-09A4-0272-BE74C7F033D1}.Release|Any CPU.ActiveCfg = Release|Any CPU
		{3194A45F-8040-09A4-0272-BE74C7F033D1}.Release|Any CPU.Build.0 = Release|Any CPU
		{9D0041CD-5341-A174-2D90-2898A0F54872}.Debug|Any CPU.ActiveCfg = Debug|Any CPU
		{9D0041CD-5341-A174-2D90-2898A0F54872}.Debug|Any CPU.Build.0 = Debug|Any CPU
		{9D0041CD-5341-A174-2D90-2898A0F54872}.Release|Any CPU.ActiveCfg = Release|Any CPU
		{9D0041CD-5341-A174-2D90-2898A0F54872}.Release|Any CPU.Build.0 = Release|Any CPU
		{E8B768BD-B956-CAEA-8765-B2DC3B42CF40}.Debug|Any CPU.ActiveCfg = Debug|Any CPU
		{E8B768BD-B956-CAEA-8765-B2DC3B42CF40}.Debug|Any CPU.Build.0 = Debug|Any CPU
		{E8B768BD-B956-CAEA-8765-B2DC3B42CF40}.Release|Any CPU.ActiveCfg = Release|Any CPU
		{E8B768BD-B956-CAEA-8765-B2DC3B42CF40}.Release|Any CPU.Build.0 = Release|Any CPU
		{06930519-D7F1-9A20-4E10-C5B4AB24441E}.Debug|Any CPU.ActiveCfg = Debug|Any CPU
		{06930519-D7F1-9A20-4E10-C5B4AB24441E}.Debug|Any CPU.Build.0 = Debug|Any CPU
		{06930519-D7F1-9A20-4E10-C5B4AB24441E}.Release|Any CPU.ActiveCfg = Release|Any CPU
		{06930519-D7F1-9A20-4E10-C5B4AB24441E}.Release|Any CPU.Build.0 = Release|Any CPU
		{D78E9E31-5721-1A91-D478-A0828964BA4A}.Debug|Any CPU.ActiveCfg = Debug|Any CPU
		{D78E9E31-5721-1A91-D478-A0828964BA4A}.Debug|Any CPU.Build.0 = Debug|Any CPU
		{D78E9E31-5721-1A91-D478-A0828964BA4A}.Release|Any CPU.ActiveCfg = Release|Any CPU
		{D78E9E31-5721-1A91-D478-A0828964BA4A}.Release|Any CPU.Build.0 = Release|Any CPU
	EndGlobalSection
	GlobalSection(SolutionProperties) = preSolution
		HideSolutionNode = FALSE
	EndGlobalSection
	GlobalSection(NestedProjects) = preSolution
		{3194A45F-8040-09A4-0272-BE74C7F033D1} = {827E0CD3-B72D-47B6-A68D-7590B98EB39B}
		{9D0041CD-5341-A174-2D90-2898A0F54872} = {827E0CD3-B72D-47B6-A68D-7590B98EB39B}
		{E8B768BD-B956-CAEA-8765-B2DC3B42CF40} = {827E0CD3-B72D-47B6-A68D-7590B98EB39B}
		{06930519-D7F1-9A20-4E10-C5B4AB24441E} = {827E0CD3-B72D-47B6-A68D-7590B98EB39B}
		{D78E9E31-5721-1A91-D478-A0828964BA4A} = {07C2787E-EAC7-C090-1BA3-A61EC2A24D84}
	EndGlobalSection
	GlobalSection(ExtensibilityGlobals) = postSolution
		SolutionGuid = {0C789537-15D6-4000-B189-2540006F0892}
	EndGlobalSection
EndGlobal
